
Microsoft Visual Studio Solution File, Format Version 12.00
# Visual Studio Version 17
VisualStudioVersion = 17.0.31903.59
MinimumVisualStudioVersion = 10.0.40219.1
Project("{FAE04EC0-301F-11D3-BF4B-00C04F79EFBC}") = "BlazorApp", "BlazorApp\BlazorApp.csproj", "{8F040C59-7167-4D25-AA7F-CE4AF3D01423}"
EndProject
Project("{FAE04EC0-301F-11D3-BF4B-00C04F79EFBC}") = "ComponentLib", "ComponentLib\ComponentLib.csproj", "{2D8E37E1-1BF4-43AF-9D82-4D041353BBEE}"
EndProject
Project("{9A19103F-16F7-4668-BE54-9A1E7A4F7556}") = "Pilet", "Pilet\Pilet.csproj", "{99B352CD-6E9D-4B1C-98DB-B972D2BCA423}"
EndProject
Global
	GlobalSection(SolutionConfigurationPlatforms) = preSolution
		Debug|Any CPU = Debug|Any CPU
		Release|Any CPU = Release|Any CPU
	EndGlobalSection
	GlobalSection(ProjectConfigurationPlatforms) = postSolution
		{8F040C59-7167-4D25-AA7F-CE4AF3D01423}.Debug|Any CPU.ActiveCfg = Debug|Any CPU
		{8F040C59-7167-4D25-AA7F-CE4AF3D01423}.Debug|Any CPU.Build.0 = Debug|Any CPU
		{8F040C59-7167-4D25-AA7F-CE4AF3D01423}.Release|Any CPU.ActiveCfg = Release|Any CPU
		{8F040C59-7167-4D25-AA7F-CE4AF3D01423}.Release|Any CPU.Build.0 = Release|Any CPU
		{2D8E37E1-1BF4-43AF-9D82-4D041353BBEE}.Debug|Any CPU.ActiveCfg = Debug|Any CPU
		{2D8E37E1-1BF4-43AF-9D82-4D041353BBEE}.Debug|Any CPU.Build.0 = Debug|Any CPU
		{2D8E37E1-1BF4-43AF-9D82-4D041353BBEE}.Release|Any CPU.ActiveCfg = Release|Any CPU
		{2D8E37E1-1BF4-43AF-9D82-4D041353BBEE}.Release|Any CPU.Build.0 = Release|Any CPU
		{99B352CD-6E9D-4B1C-98DB-B972D2BCA423}.Debug|Any CPU.ActiveCfg = Debug|Any CPU
		{99B352CD-6E9D-4B1C-98DB-B972D2BCA423}.Debug|Any CPU.Build.0 = Debug|Any CPU
		{99B352CD-6E9D-4B1C-98DB-B972D2BCA423}.Release|Any CPU.ActiveCfg = Release|Any CPU
		{99B352CD-6E9D-4B1C-98DB-B972D2BCA423}.Release|Any CPU.Build.0 = Release|Any CPU
	EndGlobalSection
	GlobalSection(SolutionProperties) = preSolution
		HideSolutionNode = FALSE
	EndGlobalSection
	GlobalSection(ExtensibilityGlobals) = postSolution
		SolutionGuid = {6D9B1734-8AD2-4CDF-B1A9-7CB9E2C0AD7D}
	EndGlobalSection
EndGlobal
